
Microsoft Visual Studio Solution File, Format Version 12.00
# Visual Studio Version 16
VisualStudioVersion = 16.0.30413.136
MinimumVisualStudioVersion = 10.0.40219.1
Project("{FAE04EC0-301F-11D3-BF4B-00C04F79EFBC}") = "WebAppNumberSorter", "WebAppNumberSorter\WebAppNumberSorter.csproj", "{FE0ED057-6061-4D6E-9C8E-521AC3E2FFFB}"
EndProject
Global
	GlobalSection(SolutionConfigurationPlatforms) = preSolution
		Debug|Any CPU = Debug|Any CPU
		Release|Any CPU = Release|Any CPU
	EndGlobalSection
	GlobalSection(ProjectConfigurationPlatforms) = postSolution
		{FE0ED057-6061-4D6E-9C8E-521AC3E2FFFB}.Debug|Any CPU.ActiveCfg = Debug|Any CPU
		{FE0ED057-6061-4D6E-9C8E-521AC3E2FFFB}.Debug|Any CPU.Build.0 = Debug|Any CPU
		{FE0ED057-6061-4D6E-9C8E-521AC3E2FFFB}.Release|Any CPU.ActiveCfg = Release|Any CPU
		{FE0ED057-6061-4D6E-9C8E-521AC3E2FFFB}.Release|Any CPU.Build.0 = Release|Any CPU
	EndGlobalSection
	GlobalSection(SolutionProperties) = preSolution
		HideSolutionNode = FALSE
	EndGlobalSection
	GlobalSection(ExtensibilityGlobals) = postSolution
		SolutionGuid = {10C48ADD-C818-46CF-85FD-CAC8C6083E33}
	EndGlobalSection
EndGlobal
